// !$*UTF8*$!
{
	archiveVersion = 1;
	classes = {
	};
	objectVersion = 46;
	objects = {

/* Begin PBXBuildFile section */
		12955C801A9A90D30000A38F /* AppDelegate.swift in Sources */ = {isa = PBXBuildFile; fileRef = 12955C7F1A9A90D30000A38F /* AppDelegate.swift */; };
		12955C821A9A90D30000A38F /* RecordSoundViewController.swift in Sources */ = {isa = PBXBuildFile; fileRef = 12955C811A9A90D30000A38F /* RecordSoundViewController.swift */; };
		12955C851A9A90D30000A38F /* Main.storyboard in Resources */ = {isa = PBXBuildFile; fileRef = 12955C831A9A90D30000A38F /* Main.storyboard */; };
		12955C871A9A90D30000A38F /* Images.xcassets in Resources */ = {isa = PBXBuildFile; fileRef = 12955C861A9A90D30000A38F /* Images.xcassets */; };
		12955C8A1A9A90D30000A38F /* LaunchScreen.xib in Resources */ = {isa = PBXBuildFile; fileRef = 12955C881A9A90D30000A38F /* LaunchScreen.xib */; };
		12955C961A9A90D30000A38F /* Piffy_PoffyTests.swift in Sources */ = {isa = PBXBuildFile; fileRef = 12955C951A9A90D30000A38F /* Piffy_PoffyTests.swift */; };
		12AA1E5F1ACA0B6A00E402EB /* info.txt in Resources */ = {isa = PBXBuildFile; fileRef = 12AA1E5E1ACA0B6A00E402EB /* info.txt */; };
		12B4DE891AC2164600213283 /* RecordedAudio.swift in Sources */ = {isa = PBXBuildFile; fileRef = 12B4DE881AC2164600213283 /* RecordedAudio.swift */; };
		12F727D71ABDB04C0022B96E /* PlaySoundsViewController.swift in Sources */ = {isa = PBXBuildFile; fileRef = 12F727D61ABDB04C0022B96E /* PlaySoundsViewController.swift */; };
/* End PBXBuildFile section */

/* Begin PBXContainerItemProxy section */
		12955C901A9A90D30000A38F /* PBXContainerItemProxy */ = {
			isa = PBXContainerItemProxy;
			containerPortal = 12955C721A9A90D30000A38F /* Project object */;
			proxyType = 1;
			remoteGlobalIDString = 12955C791A9A90D30000A38F;
			remoteInfo = "Piffy Poffy";
		};
/* End PBXContainerItemProxy section */

/* Begin PBXFileReference section */
		12955C7A1A9A90D30000A38F /* Piffy Poffy.app */ = {isa = PBXFileReference; explicitFileType = wrapper.application; includeInIndex = 0; path = "Piffy Poffy.app"; sourceTree = BUILT_PRODUCTS_DIR; };
		12955C7E1A9A90D30000A38F /* Info.plist */ = {isa = PBXFileReference; lastKnownFileType = text.plist.xml; path = Info.plist; sourceTree = "<group>"; };
		12955C7F1A9A90D30000A38F /* AppDelegate.swift */ = {isa = PBXFileReference; lastKnownFileType = sourcecode.swift; path = AppDelegate.swift; sourceTree = "<group>"; };
		12955C811A9A90D30000A38F /* RecordSoundViewController.swift */ = {isa = PBXFileReference; lastKnownFileType = sourcecode.swift; path = RecordSoundViewController.swift; sourceTree = "<group>"; };
		12955C841A9A90D30000A38F /* Base */ = {isa = PBXFileReference; lastKnownFileType = file.storyboard; name = Base; path = Base.lproj/Main.storyboard; sourceTree = "<group>"; };
		12955C861A9A90D30000A38F /* Images.xcassets */ = {isa = PBXFileReference; lastKnownFileType = folder.assetcatalog; path = Images.xcassets; sourceTree = "<group>"; };
		12955C891A9A90D30000A38F /* Base */ = {isa = PBXFileReference; lastKnownFileType = file.xib; name = Base; path = Base.lproj/LaunchScreen.xib; sourceTree = "<group>"; };
		12955C8F1A9A90D30000A38F /* Piffy PoffyTests.xctest */ = {isa = PBXFileReference; explicitFileType = wrapper.cfbundle; includeInIndex = 0; path = "Piffy PoffyTests.xctest"; sourceTree = BUILT_PRODUCTS_DIR; };
		12955C941A9A90D30000A38F /* Info.plist */ = {isa = PBXFileReference; lastKnownFileType = text.plist.xml; path = Info.plist; sourceTree = "<group>"; };
		12955C951A9A90D30000A38F /* Piffy_PoffyTests.swift */ = {isa = PBXFileReference; lastKnownFileType = sourcecode.swift; path = Piffy_PoffyTests.swift; sourceTree = "<group>"; };
		12AA1E5E1ACA0B6A00E402EB /* info.txt */ = {isa = PBXFileReference; fileEncoding = 4; lastKnownFileType = text; path = info.txt; sourceTree = "<group>"; };
		12B4DE881AC2164600213283 /* RecordedAudio.swift */ = {isa = PBXFileReference; fileEncoding = 4; lastKnownFileType = sourcecode.swift; path = RecordedAudio.swift; sourceTree = "<group>"; };
		12F727D61ABDB04C0022B96E /* PlaySoundsViewController.swift */ = {isa = PBXFileReference; fileEncoding = 4; lastKnownFileType = sourcecode.swift; path = PlaySoundsViewController.swift; sourceTree = "<group>"; };
/* End PBXFileReference section */

/* Begin PBXFrameworksBuildPhase section */
		12955C771A9A90D30000A38F /* Frameworks */ = {
			isa = PBXFrameworksBuildPhase;
			buildActionMask = 2147483647;
			files = (
			);
			runOnlyForDeploymentPostprocessing = 0;
		};
		12955C8C1A9A90D30000A38F /* Frameworks */ = {
			isa = PBXFrameworksBuildPhase;
			buildActionMask = 2147483647;
			files = (
			);
			runOnlyForDeploymentPostprocessing = 0;
		};
/* End PBXFrameworksBuildPhase section */

/* Begin PBXGroup section */
		12955C711A9A90D30000A38F = {
			isa = PBXGroup;
			children = (
				12955C7C1A9A90D30000A38F /* Piffy Poffy */,
				12955C921A9A90D30000A38F /* Piffy PoffyTests */,
				12955C7B1A9A90D30000A38F /* Products */,
			);
			sourceTree = "<group>";
		};
		12955C7B1A9A90D30000A38F /* Products */ = {
			isa = PBXGroup;
			children = (
				12955C7A1A9A90D30000A38F /* Piffy Poffy.app */,
				12955C8F1A9A90D30000A38F /* Piffy PoffyTests.xctest */,
			);
			name = Products;
			sourceTree = "<group>";
		};
		12955C7C1A9A90D30000A38F /* Piffy Poffy */ = {
			isa = PBXGroup;
			children = (
				12955C7F1A9A90D30000A38F /* AppDelegate.swift */,
				12955C811A9A90D30000A38F /* RecordSoundViewController.swift */,
				12955C831A9A90D30000A38F /* Main.storyboard */,
				12B4DE881AC2164600213283 /* RecordedAudio.swift */,
				12F727D61ABDB04C0022B96E /* PlaySoundsViewController.swift */,
				12955C861A9A90D30000A38F /* Images.xcassets */,
				12955C881A9A90D30000A38F /* LaunchScreen.xib */,
				12955C7D1A9A90D30000A38F /* Supporting Files */,
			);
			path = "Piffy Poffy";
			sourceTree = "<group>";
		};
		12955C7D1A9A90D30000A38F /* Supporting Files */ = {
			isa = PBXGroup;
			children = (
				12955C7E1A9A90D30000A38F /* Info.plist */,
				12AA1E5E1ACA0B6A00E402EB /* info.txt */,
			);
			name = "Supporting Files";
			sourceTree = "<group>";
		};
		12955C921A9A90D30000A38F /* Piffy PoffyTests */ = {
			isa = PBXGroup;
			children = (
				12955C951A9A90D30000A38F /* Piffy_PoffyTests.swift */,
				12955C931A9A90D30000A38F /* Supporting Files */,
			);
			path = "Piffy PoffyTests";
			sourceTree = "<group>";
		};
		12955C931A9A90D30000A38F /* Supporting Files */ = {
			isa = PBXGroup;
			children = (
				12955C941A9A90D30000A38F /* Info.plist */,
			);
			name = "Supporting Files";
			sourceTree = "<group>";
		};
/* End PBXGroup section */

/* Begin PBXNativeTarget section */
		12955C791A9A90D30000A38F /* Piffy Poffy */ = {
			isa = PBXNativeTarget;
			buildConfigurationList = 12955C991A9A90D30000A38F /* Build configuration list for PBXNativeTarget "Piffy Poffy" */;
			buildPhases = (
				12955C761A9A90D30000A38F /* Sources */,
				12955C771A9A90D30000A38F /* Frameworks */,
				12955C781A9A90D30000A38F /* Resources */,
			);
			buildRules = (
			);
			dependencies = (
			);
			name = "Piffy Poffy";
			productName = "Piffy Poffy";
			productReference = 12955C7A1A9A90D30000A38F /* Piffy Poffy.app */;
			productType = "com.apple.product-type.application";
		};
		12955C8E1A9A90D30000A38F /* Piffy PoffyTests */ = {
			isa = PBXNativeTarget;
			buildConfigurationList = 12955C9C1A9A90D30000A38F /* Build configuration list for PBXNativeTarget "Piffy PoffyTests" */;
			buildPhases = (
				12955C8B1A9A90D30000A38F /* Sources */,
				12955C8C1A9A90D30000A38F /* Frameworks */,
				12955C8D1A9A90D30000A38F /* Resources */,
			);
			buildRules = (
			);
			dependencies = (
				12955C911A9A90D30000A38F /* PBXTargetDependency */,
			);
			name = "Piffy PoffyTests";
			productName = "Piffy PoffyTests";
			productReference = 12955C8F1A9A90D30000A38F /* Piffy PoffyTests.xctest */;
			productType = "com.apple.product-type.bundle.unit-test";
		};
/* End PBXNativeTarget section */

/* Begin PBXProject section */
		12955C721A9A90D30000A38F /* Project object */ = {
			isa = PBXProject;
			attributes = {
				LastSwiftUpdateCheck = 0730;
				LastUpgradeCheck = 0830;
				ORGANIZATIONNAME = "Sascha Stanic";
				TargetAttributes = {
					12955C791A9A90D30000A38F = {
						CreatedOnToolsVersion = 6.1.1;
						DevelopmentTeam = D3XLMCMEYM;
						LastSwiftMigration = 0830;
					};
					12955C8E1A9A90D30000A38F = {
						CreatedOnToolsVersion = 6.1.1;
						LastSwiftMigration = 0830;
						TestTargetID = 12955C791A9A90D30000A38F;
					};
				};
			};
			buildConfigurationList = 12955C751A9A90D30000A38F /* Build configuration list for PBXProject "Piffy Poffy" */;
			compatibilityVersion = "Xcode 3.2";
			developmentRegion = English;
			hasScannedForEncodings = 0;
			knownRegions = (
				en,
				Base,
			);
			mainGroup = 12955C711A9A90D30000A38F;
			productRefGroup = 12955C7B1A9A90D30000A38F /* Products */;
			projectDirPath = "";
			projectRoot = "";
			targets = (
				12955C791A9A90D30000A38F /* Piffy Poffy */,
				12955C8E1A9A90D30000A38F /* Piffy PoffyTests */,
			);
		};
/* End PBXProject section */

/* Begin PBXResourcesBuildPhase section */
		12955C781A9A90D30000A38F /* Resources */ = {
			isa = PBXResourcesBuildPhase;
			buildActionMask = 2147483647;
			files = (
				12955C851A9A90D30000A38F /* Main.storyboard in Resources */,
				12955C8A1A9A90D30000A38F /* LaunchScreen.xib in Resources */,
				12955C871A9A90D30000A38F /* Images.xcassets in Resources */,
				12AA1E5F1ACA0B6A00E402EB /* info.txt in Resources */,
			);
			runOnlyForDeploymentPostprocessing = 0;
		};
		12955C8D1A9A90D30000A38F /* Resources */ = {
			isa = PBXResourcesBuildPhase;
			buildActionMask = 2147483647;
			files = (
			);
			runOnlyForDeploymentPostprocessing = 0;
		};
/* End PBXResourcesBuildPhase section */

/* Begin PBXSourcesBuildPhase section */
		12955C761A9A90D30000A38F /* Sources */ = {
			isa = PBXSourcesBuildPhase;
			buildActionMask = 2147483647;
			files = (
				12B4DE891AC2164600213283 /* RecordedAudio.swift in Sources */,
				12955C821A9A90D30000A38F /* RecordSoundViewController.swift in Sources */,
				12F727D71ABDB04C0022B96E /* PlaySoundsViewController.swift in Sources */,
				12955C801A9A90D30000A38F /* AppDelegate.swift in Sources */,
			);
			runOnlyForDeploymentPostprocessing = 0;
		};
		12955C8B1A9A90D30000A38F /* Sources */ = {
			isa = PBXSourcesBuildPhase;
			buildActionMask = 2147483647;
			files = (
				12955C961A9A90D30000A38F /* Piffy_PoffyTests.swift in Sources */,
			);
			runOnlyForDeploymentPostprocessing = 0;
		};
/* End PBXSourcesBuildPhase section */

/* Begin PBXTargetDependency section */
		12955C911A9A90D30000A38F /* PBXTargetDependency */ = {
			isa = PBXTargetDependency;
			target = 12955C791A9A90D30000A38F /* Piffy Poffy */;
			targetProxy = 12955C901A9A90D30000A38F /* PBXContainerItemProxy */;
		};
/* End PBXTargetDependency section */

/* Begin PBXVariantGroup section */
		12955C831A9A90D30000A38F /* Main.storyboard */ = {
			isa = PBXVariantGroup;
			children = (
				12955C841A9A90D30000A38F /* Base */,
			);
			name = Main.storyboard;
			sourceTree = "<group>";
		};
		12955C881A9A90D30000A38F /* LaunchScreen.xib */ = {
			isa = PBXVariantGroup;
			children = (
				12955C891A9A90D30000A38F /* Base */,
			);
			name = LaunchScreen.xib;
			sourceTree = "<group>";
		};
/* End PBXVariantGroup section */

/* Begin XCBuildConfiguration section */
		12955C971A9A90D30000A38F /* Debug */ = {
			isa = XCBuildConfiguration;
			buildSettings = {
				ALWAYS_SEARCH_USER_PATHS = NO;
				CLANG_CXX_LANGUAGE_STANDARD = "gnu++0x";
				CLANG_CXX_LIBRARY = "libc++";
				CLANG_ENABLE_MODULES = YES;
				CLANG_ENABLE_OBJC_ARC = YES;
				CLANG_WARN_BOOL_CONVERSION = YES;
				CLANG_WARN_CONSTANT_CONVERSION = YES;
				CLANG_WARN_DIRECT_OBJC_ISA_USAGE = YES_ERROR;
				CLANG_WARN_EMPTY_BODY = YES;
				CLANG_WARN_ENUM_CONVERSION = YES;
				CLANG_WARN_INFINITE_RECURSION = YES;
				CLANG_WARN_INT_CONVERSION = YES;
				CLANG_WARN_OBJC_ROOT_CLASS = YES_ERROR;
				CLANG_WARN_SUSPICIOUS_MOVE = YES;
				CLANG_WARN_UNREACHABLE_CODE = YES;
				CLANG_WARN__DUPLICATE_METHOD_MATCH = YES;
				"CODE_SIGN_IDENTITY[sdk=iphoneos*]" = "iPhone Developer";
				COPY_PHASE_STRIP = NO;
				ENABLE_STRICT_OBJC_MSGSEND = YES;
				ENABLE_TESTABILITY = YES;
				GCC_C_LANGUAGE_STANDARD = gnu99;
				GCC_DYNAMIC_NO_PIC = NO;
				GCC_NO_COMMON_BLOCKS = YES;
				GCC_OPTIMIZATION_LEVEL = 0;
				GCC_PREPROCESSOR_DEFINITIONS = (
					"DEBUG=1",
					"$(inherited)",
				);
				GCC_SYMBOLS_PRIVATE_EXTERN = NO;
				GCC_WARN_64_TO_32_BIT_CONVERSION = YES;
				GCC_WARN_ABOUT_RETURN_TYPE = YES_ERROR;
				GCC_WARN_UNDECLARED_SELECTOR = YES;
				GCC_WARN_UNINITIALIZED_AUTOS = YES_AGGRESSIVE;
				GCC_WARN_UNUSED_FUNCTION = YES;
				GCC_WARN_UNUSED_VARIABLE = YES;
				IPHONEOS_DEPLOYMENT_TARGET = 10.3;
				MTL_ENABLE_DEBUG_INFO = YES;
				ONLY_ACTIVE_ARCH = YES;
				SDKROOT = iphoneos;
				SWIFT_OPTIMIZATION_LEVEL = "-Onone";
			};
			name = Debug;
		};
		12955C981A9A90D30000A38F /* Release */ = {
			isa = XCBuildConfiguration;
			buildSettings = {
				ALWAYS_SEARCH_USER_PATHS = NO;
				CLANG_CXX_LANGUAGE_STANDARD = "gnu++0x";
				CLANG_CXX_LIBRARY = "libc++";
				CLANG_ENABLE_MODULES = YES;
				CLANG_ENABLE_OBJC_ARC = YES;
				CLANG_WARN_BOOL_CONVERSION = YES;
				CLANG_WARN_CONSTANT_CONVERSION = YES;
				CLANG_WARN_DIRECT_OBJC_ISA_USAGE = YES_ERROR;
				CLANG_WARN_EMPTY_BODY = YES;
				CLANG_WARN_ENUM_CONVERSION = YES;
				CLANG_WARN_INFINITE_RECURSION = YES;
				CLANG_WARN_INT_CONVERSION = YES;
				CLANG_WARN_OBJC_ROOT_CLASS = YES_ERROR;
				CLANG_WARN_SUSPICIOUS_MOVE = YES;
				CLANG_WARN_UNREACHABLE_CODE = YES;
				CLANG_WARN__DUPLICATE_METHOD_MATCH = YES;
				"CODE_SIGN_IDENTITY[sdk=iphoneos*]" = "iPhone Developer";
				COPY_PHASE_STRIP = YES;
				ENABLE_NS_ASSERTIONS = NO;
				ENABLE_STRICT_OBJC_MSGSEND = YES;
				GCC_C_LANGUAGE_STANDARD = gnu99;
				GCC_NO_COMMON_BLOCKS = YES;
				GCC_WARN_64_TO_32_BIT_CONVERSION = YES;
				GCC_WARN_ABOUT_RETURN_TYPE = YES_ERROR;
				GCC_WARN_UNDECLARED_SELECTOR = YES;
				GCC_WARN_UNINITIALIZED_AUTOS = YES_AGGRESSIVE;
				GCC_WARN_UNUSED_FUNCTION = YES;
				GCC_WARN_UNUSED_VARIABLE = YES;
				IPHONEOS_DEPLOYMENT_TARGET = 10.3;
				MTL_ENABLE_DEBUG_INFO = NO;
				SDKROOT = iphoneos;
				SWIFT_OPTIMIZATION_LEVEL = "-Owholemodule";
				VALIDATE_PRODUCT = YES;
			};
			name = Release;
		};
		12955C9A1A9A90D30000A38F /* Debug */ = {
			isa = XCBuildConfiguration;
			buildSettings = {
				ASSETCATALOG_COMPILER_APPICON_NAME = AppIcon;
				CODE_SIGN_IDENTITY = "iPhone Developer";
				"CODE_SIGN_IDENTITY[sdk=iphoneos*]" = "iPhone Developer";
				INFOPLIST_FILE = "Piffy Poffy/Info.plist";
				LD_RUNPATH_SEARCH_PATHS = "$(inherited) @executable_path/Frameworks";
				PRODUCT_BUNDLE_IDENTIFIER = "com.savvista.udacity.Piffy-Poffy";
				PRODUCT_NAME = "$(TARGET_NAME)";
				PROVISIONING_PROFILE = "";
				SWIFT_VERSION = 3.0;
			};
			name = Debug;
		};
		12955C9B1A9A90D30000A38F /* Release */ = {
			isa = XCBuildConfiguration;
			buildSettings = {
				ASSETCATALOG_COMPILER_APPICON_NAME = AppIcon;
				CODE_SIGN_IDENTITY = "iPhone Developer";
				"CODE_SIGN_IDENTITY[sdk=iphoneos*]" = "iPhone Developer";
				INFOPLIST_FILE = "Piffy Poffy/Info.plist";
				LD_RUNPATH_SEARCH_PATHS = "$(inherited) @executable_path/Frameworks";
				PRODUCT_BUNDLE_IDENTIFIER = "com.savvista.udacity.Piffy-Poffy";
				PRODUCT_NAME = "$(TARGET_NAME)";
				PROVISIONING_PROFILE = "";
				SWIFT_VERSION = 3.0;
			};
			name = Release;
		};
		12955C9D1A9A90D30000A38F /* Debug */ = {
			isa = XCBuildConfiguration;
			buildSettings = {
				BUNDLE_LOADER = "$(TEST_HOST)";
				FRAMEWORK_SEARCH_PATHS = (
					"$(SDKROOT)/Developer/Library/Frameworks",
					"$(inherited)",
				);
				GCC_PREPROCESSOR_DEFINITIONS = (
					"DEBUG=1",
					"$(inherited)",
				);
				INFOPLIST_FILE = "Piffy PoffyTests/Info.plist";
				LD_RUNPATH_SEARCH_PATHS = "$(inherited) @executable_path/Frameworks @loader_path/Frameworks";
				PRODUCT_BUNDLE_IDENTIFIER = "Savvista.$(PRODUCT_NAME:rfc1034identifier)";
				PRODUCT_NAME = "$(TARGET_NAME)";
				SWIFT_VERSION = 3.0;
				TEST_HOST = "$(BUILT_PRODUCTS_DIR)/Piffy Poffy.app/Piffy Poffy";
			};
			name = Debug;
		};
		12955C9E1A9A90D30000A38F /* Release */ = {
			isa = XCBuildConfiguration;
			buildSettings = {
				BUNDLE_LOADER = "$(TEST_HOST)";
				FRAMEWORK_SEARCH_PATHS = (
					"$(SDKROOT)/Developer/Library/Frameworks",
					"$(inherited)",
				);
				INFOPLIST_FILE = "Piffy PoffyTests/Info.plist";
				LD_RUNPATH_SEARCH_PATHS = "$(inherited) @executable_path/Frameworks @loader_path/Frameworks";
				PRODUCT_BUNDLE_IDENTIFIER = "Savvista.$(PRODUCT_NAME:rfc1034identifier)";
				PRODUCT_NAME = "$(TARGET_NAME)";
				SWIFT_VERSION = 3.0;
				TEST_HOST = "$(BUILT_PRODUCTS_DIR)/Piffy Poffy.app/Piffy Poffy";
			};
			name = Release;
		};
/* End XCBuildConfiguration section */

/* Begin XCConfigurationList section */
		12955C751A9A90D30000A38F /* Build configuration list for PBXProject "Piffy Poffy" */ = {
			isa = XCConfigurationList;
			buildConfigurations = (
				12955C971A9A90D30000A38F /* Debug */,
				12955C981A9A90D30000A38F /* Release */,
			);
			defaultConfigurationIsVisible = 0;
			defaultConfigurationName = Release;
		};
		12955C991A9A90D30000A38F /* Build configuration list for PBXNativeTarget "Piffy Poffy" */ = {
			isa = XCConfigurationList;
			buildConfigurations = (
				12955C9A1A9A90D30000A38F /* Debug */,
				12955C9B1A9A90D30000A38F /* Release */,
			);
			defaultConfigurationIsVisible = 0;
			defaultConfigurationName = Release;
		};
		12955C9C1A9A90D30000A38F /* Build configuration list for PBXNativeTarget "Piffy PoffyTests" */ = {
			isa = XCConfigurationList;
			buildConfigurations = (
				12955C9D1A9A90D30000A38F /* Debug */,
				12955C9E1A9A90D30000A38F /* Release */,
			);
			defaultConfigurationIsVisible = 0;
			defaultConfigurationName = Release;
		};
/* End XCConfigurationList section */
	};
	rootObject = 12955C721A9A90D30000A38F /* Project object */;
}
